
Microsoft Visual Studio Solution File, Format Version 12.00
# Visual Studio 14
VisualStudioVersion = 14.0.25420.1
MinimumVisualStudioVersion = 10.0.40219.1
Project("{8BC9CEB8-8B4A-11D0-8D11-00A0C91BC942}") = "01_Window", "01_Window\01_Window.vcxproj", "{CC07394C-103B-487F-909F-5A760C026D6A}"
EndProject
Project("{8BC9CEB8-8B4A-11D0-8D11-00A0C91BC942}") = "02_GameEngine", "02_GameEngine\02_GameEngine.vcxproj", "{CC07394D-103C-4880-90A0-5A760C026D6B}"
EndProject
Project("{8BC9CEB8-8B4A-11D0-8D11-00A0C91BC942}") = "03_Pixel", "03_Pixel\03_Pixel.vcxproj", "{CC07394E-103D-4881-90A1-5A760C026D6C}"
EndProject
Project("{8BC9CEB8-8B4A-11D0-8D11-00A0C91BC942}") = "04_Line", "04_Line\04_Line.vcxproj", "{CC07394F-103E-4882-90A2-5A760C026D6D}"
EndProject
Project("{8BC9CEB8-8B4A-11D0-8D11-00A0C91BC942}") = "05_Rect", "05_Rect\05_Rect.vcxproj", "{CC073950-103F-4883-90A3-5A760C026D6E}"
EndProject
Project("{8BC9CEB8-8B4A-11D0-8D11-00A0C91BC942}") = "06_Triangle", "06_Triangle\06_Triangle.vcxproj", "{CC073951-1040-4884-90A4-5A760C026D6F}"
EndProject
Project("{8BC9CEB8-8B4A-11D0-8D11-00A0C91BC942}") = "07_VertexVaryings", "07_VertexVaryings\07_VertexVaryings.vcxproj", "{CC073952-1041-4885-90A5-5A760C026D70}"
EndProject
Project("{8BC9CEB8-8B4A-11D0-8D11-00A0C91BC942}") = "08_ShaderEmulation", "08_ShaderEmulation\08_ShaderEmulation.vcxproj", "{CC073953-1042-4886-90A6-5A760C026D71}"
EndProject
Project("{8BC9CEB8-8B4A-11D0-8D11-00A0C91BC942}") = "09_Transform", "09_Transform\09_Transform.vcxproj", "{CC073954-1043-4887-90A7-5A760C026D72}"
EndProject
Project("{8BC9CEB8-8B4A-11D0-8D11-00A0C91BC942}") = "10_TextureMapping", "10_TextureMapping\10_TextureMapping.vcxproj", "{CC073955-1044-4888-90A8-5A760C026D73}"
EndProject
Project("{8BC9CEB8-8B4A-11D0-8D11-00A0C91BC942}") = "11_PerspectiveCorrectVaryings", "11_PerspectiveCorrectVaryings\11_PerspectiveCorrectVaryings.vcxproj", "{CC073956-1045-4889-90A9-5A760C026D74}"
EndProject
Project("{8BC9CEB8-8B4A-11D0-8D11-00A0C91BC942}") = "12_Mesh", "12_Mesh\12_Mesh.vcxproj", "{CC073957-1046-488A-90AA-5A760C026D75}"
EndProject
Project("{8BC9CEB8-8B4A-11D0-8D11-00A0C91BC942}") = "13_Z-Buffering", "13_Z-Buffering\13_Z-Buffering.vcxproj", "{CC073958-1047-488B-90AB-5A760C026D76}"
EndProject
Global
	GlobalSection(SolutionConfigurationPlatforms) = preSolution
		Debug|x64 = Debug|x64
		Debug|x86 = Debug|x86
		Release|x64 = Release|x64
		Release|x86 = Release|x86
	EndGlobalSection
	GlobalSection(ProjectConfigurationPlatforms) = postSolution
		{CC07394C-103B-487F-909F-5A760C026D6A}.Debug|x64.ActiveCfg = Debug|x64
		{CC07394C-103B-487F-909F-5A760C026D6A}.Debug|x64.Build.0 = Debug|x64
		{CC07394C-103B-487F-909F-5A760C026D6A}.Debug|x86.ActiveCfg = Debug|Win32
		{CC07394C-103B-487F-909F-5A760C026D6A}.Debug|x86.Build.0 = Debug|Win32
		{CC07394C-103B-487F-909F-5A760C026D6A}.Release|x64.ActiveCfg = Release|x64
		{CC07394C-103B-487F-909F-5A760C026D6A}.Release|x64.Build.0 = Release|x64
		{CC07394C-103B-487F-909F-5A760C026D6A}.Release|x86.ActiveCfg = Release|Win32
		{CC07394C-103B-487F-909F-5A760C026D6A}.Release|x86.Build.0 = Release|Win32
		{CC07394D-103C-4880-90A0-5A760C026D6B}.Debug|x64.ActiveCfg = Debug|x64
		{CC07394D-103C-4880-90A0-5A760C026D6B}.Debug|x64.Build.0 = Debug|x64
		{CC07394D-103C-4880-90A0-5A760C026D6B}.Debug|x86.ActiveCfg = Debug|Win32
		{CC07394D-103C-4880-90A0-5A760C026D6B}.Debug|x86.Build.0 = Debug|Win32
		{CC07394D-103C-4880-90A0-5A760C026D6B}.Release|x64.ActiveCfg = Release|x64
		{CC07394D-103C-4880-90A0-5A760C026D6B}.Release|x64.Build.0 = Release|x64
		{CC07394D-103C-4880-90A0-5A760C026D6B}.Release|x86.ActiveCfg = Release|Win32
		{CC07394D-103C-4880-90A0-5A760C026D6B}.Release|x86.Build.0 = Release|Win32
		{CC07394E-103D-4881-90A1-5A760C026D6C}.Debug|x64.ActiveCfg = Debug|x64
		{CC07394E-103D-4881-90A1-5A760C026D6C}.Debug|x64.Build.0 = Debug|x64
		{CC07394E-103D-4881-90A1-5A760C026D6C}.Debug|x86.ActiveCfg = Debug|Win32
		{CC07394E-103D-4881-90A1-5A760C026D6C}.Debug|x86.Build.0 = Debug|Win32
		{CC07394E-103D-4881-90A1-5A760C026D6C}.Release|x64.ActiveCfg = Release|x64
		{CC07394E-103D-4881-90A1-5A760C026D6C}.Release|x64.Build.0 = Release|x64
		{CC07394E-103D-4881-90A1-5A760C026D6C}.Release|x86.ActiveCfg = Release|Win32
		{CC07394E-103D-4881-90A1-5A760C026D6C}.Release|x86.Build.0 = Release|Win32
		{CC07394F-103E-4882-90A2-5A760C026D6D}.Debug|x64.ActiveCfg = Debug|x64
		{CC07394F-103E-4882-90A2-5A760C026D6D}.Debug|x64.Build.0 = Debug|x64
		{CC07394F-103E-4882-90A2-5A760C026D6D}.Debug|x86.ActiveCfg = Debug|Win32
		{CC07394F-103E-4882-90A2-5A760C026D6D}.Debug|x86.Build.0 = Debug|Win32
		{CC07394F-103E-4882-90A2-5A760C026D6D}.Release|x64.ActiveCfg = Release|x64
		{CC07394F-103E-4882-90A2-5A760C026D6D}.Release|x64.Build.0 = Release|x64
		{CC07394F-103E-4882-90A2-5A760C026D6D}.Release|x86.ActiveCfg = Release|Win32
		{CC07394F-103E-4882-90A2-5A760C026D6D}.Release|x86.Build.0 = Release|Win32
		{CC073950-103F-4883-90A3-5A760C026D6E}.Debug|x64.ActiveCfg = Debug|x64
		{CC073950-103F-4883-90A3-5A760C026D6E}.Debug|x64.Build.0 = Debug|x64
		{CC073950-103F-4883-90A3-5A760C026D6E}.Debug|x86.ActiveCfg = Debug|Win32
		{CC073950-103F-4883-90A3-5A760C026D6E}.Debug|x86.Build.0 = Debug|Win32
		{CC073950-103F-4883-90A3-5A760C026D6E}.Release|x64.ActiveCfg = Release|x64
		{CC073950-103F-4883-90A3-5A760C026D6E}.Release|x64.Build.0 = Release|x64
		{CC073950-103F-4883-90A3-5A760C026D6E}.Release|x86.ActiveCfg = Release|Win32
		{CC073950-103F-4883-90A3-5A760C026D6E}.Release|x86.Build.0 = Release|Win32
		{CC073951-1040-4884-90A4-5A760C026D6F}.Debug|x64.ActiveCfg = Debug|x64
		{CC073951-1040-4884-90A4-5A760C026D6F}.Debug|x64.Build.0 = Debug|x64
		{CC073951-1040-4884-90A4-5A760C026D6F}.Debug|x86.ActiveCfg = Debug|Win32
		{CC073951-1040-4884-90A4-5A760C026D6F}.Debug|x86.Build.0 = Debug|Win32
		{CC073951-1040-4884-90A4-5A760C026D6F}.Release|x64.ActiveCfg = Release|x64
		{CC073951-1040-4884-90A4-5A760C026D6F}.Release|x64.Build.0 = Release|x64
		{CC073951-1040-4884-90A4-5A760C026D6F}.Release|x86.ActiveCfg = Release|Win32
		{CC073951-1040-4884-90A4-5A760C026D6F}.Release|x86.Build.0 = Release|Win32
		{CC073952-1041-4885-90A5-5A760C026D70}.Debug|x64.ActiveCfg = Debug|x64
		{CC073952-1041-4885-90A5-5A760C026D70}.Debug|x64.Build.0 = Debug|x64
		{CC073952-1041-4885-90A5-5A760C026D70}.Debug|x86.ActiveCfg = Debug|Win32
		{CC073952-1041-4885-90A5-5A760C026D70}.Debug|x86.Build.0 = Debug|Win32
		{CC073952-1041-4885-90A5-5A760C026D70}.Release|x64.ActiveCfg = Release|x64
		{CC073952-1041-4885-90A5-5A760C026D70}.Release|x64.Build.0 = Release|x64
		{CC073952-1041-4885-90A5-5A760C026D70}.Release|x86.ActiveCfg = Release|Win32
		{CC073952-1041-4885-90A5-5A760C026D70}.Release|x86.Build.0 = Release|Win32
		{CC073953-1042-4886-90A6-5A760C026D71}.Debug|x64.ActiveCfg = Debug|x64
		{CC073953-1042-4886-90A6-5A760C026D71}.Debug|x64.Build.0 = Debug|x64
		{CC073953-1042-4886-90A6-5A760C026D71}.Debug|x86.ActiveCfg = Debug|Win32
		{CC073953-1042-4886-90A6-5A760C026D71}.Debug|x86.Build.0 = Debug|Win32
		{CC073953-1042-4886-90A6-5A760C026D71}.Release|x64.ActiveCfg = Release|x64
		{CC073953-1042-4886-90A6-5A760C026D71}.Release|x64.Build.0 = Release|x64
		{CC073953-1042-4886-90A6-5A760C026D71}.Release|x86.ActiveCfg = Release|Win32
		{CC073953-1042-4886-90A6-5A760C026D71}.Release|x86.Build.0 = Release|Win32
		{CC073954-1043-4887-90A7-5A760C026D72}.Debug|x64.ActiveCfg = Debug|x64
		{CC073954-1043-4887-90A7-5A760C026D72}.Debug|x64.Build.0 = Debug|x64
		{CC073954-1043-4887-90A7-5A760C026D72}.Debug|x86.ActiveCfg = Debug|Win32
		{CC073954-1043-4887-90A7-5A760C026D72}.Debug|x86.Build.0 = Debug|Win32
		{CC073954-1043-4887-90A7-5A760C026D72}.Release|x64.ActiveCfg = Release|x64
		{CC073954-1043-4887-90A7-5A760C026D72}.Release|x64.Build.0 = Release|x64
		{CC073954-1043-4887-90A7-5A760C026D72}.Release|x86.ActiveCfg = Release|Win32
		{CC073954-1043-4887-90A7-5A760C026D72}.Release|x86.Build.0 = Release|Win32
		{CC073955-1044-4888-90A8-5A760C026D73}.Debug|x64.ActiveCfg = Debug|x64
		{CC073955-1044-4888-90A8-5A760C026D73}.Debug|x64.Build.0 = Debug|x64
		{CC073955-1044-4888-90A8-5A760C026D73}.Debug|x86.ActiveCfg = Debug|Win32
		{CC073955-1044-4888-90A8-5A760C026D73}.Debug|x86.Build.0 = Debug|Win32
		{CC073955-1044-4888-90A8-5A760C026D73}.Release|x64.ActiveCfg = Release|x64
		{CC073955-1044-4888-90A8-5A760C026D73}.Release|x64.Build.0 = Release|x64
		{CC073955-1044-4888-90A8-5A760C026D73}.Release|x86.ActiveCfg = Release|Win32
		{CC073955-1044-4888-90A8-5A760C026D73}.Release|x86.Build.0 = Release|Win32
		{CC073956-1045-4889-90A9-5A760C026D74}.Debug|x64.ActiveCfg = Debug|x64
		{CC073956-1045-4889-90A9-5A760C026D74}.Debug|x64.Build.0 = Debug|x64
		{CC073956-1045-4889-90A9-5A760C026D74}.Debug|x86.ActiveCfg = Debug|Win32
		{CC073956-1045-4889-90A9-5A760C026D74}.Debug|x86.Build.0 = Debug|Win32
		{CC073956-1045-4889-90A9-5A760C026D74}.Release|x64.ActiveCfg = Release|x64
		{CC073956-1045-4889-90A9-5A760C026D74}.Release|x64.Build.0 = Release|x64
		{CC073956-1045-4889-90A9-5A760C026D74}.Release|x86.ActiveCfg = Release|Win32
		{CC073956-1045-4889-90A9-5A760C026D74}.Release|x86.Build.0 = Release|Win32
		{CC073957-1046-488A-90AA-5A760C026D75}.Debug|x64.ActiveCfg = Debug|x64
		{CC073957-1046-488A-90AA-5A760C026D75}.Debug|x64.Build.0 = Debug|x64
		{CC073957-1046-488A-90AA-5A760C026D75}.Debug|x86.ActiveCfg = Debug|Win32
		{CC073957-1046-488A-90AA-5A760C026D75}.Debug|x86.Build.0 = Debug|Win32
		{CC073957-1046-488A-90AA-5A760C026D75}.Release|x64.ActiveCfg = Release|x64
		{CC073957-1046-488A-90AA-5A760C026D75}.Release|x64.Build.0 = Release|x64
		{CC073957-1046-488A-90AA-5A760C026D75}.Release|x86.ActiveCfg = Release|Win32
		{CC073957-1046-488A-90AA-5A760C026D75}.Release|x86.Build.0 = Release|Win32
		{CC073958-1047-488B-90AB-5A760C026D76}.Debug|x64.ActiveCfg = Debug|x64
		{CC073958-1047-488B-90AB-5A760C026D76}.Debug|x64.Build.0 = Debug|x64
		{CC073958-1047-488B-90AB-5A760C026D76}.Debug|x86.ActiveCfg = Debug|Win32
		{CC073958-1047-488B-90AB-5A760C026D76}.Debug|x86.Build.0 = Debug|Win32
		{CC073958-1047-488B-90AB-5A760C026D76}.Release|x64.ActiveCfg = Release|x64
		{CC073958-1047-488B-90AB-5A760C026D76}.Release|x64.Build.0 = Release|x64
		{CC073958-1047-488B-90AB-5A760C026D76}.Release|x86.ActiveCfg = Release|Win32
		{CC073958-1047-488B-90AB-5A760C026D76}.Release|x86.Build.0 = Release|Win32
	EndGlobalSection
	GlobalSection(SolutionProperties) = preSolution
		HideSolutionNode = FALSE
	EndGlobalSection
	GlobalSection(ExtensibilityGlobals) = postSolution
		SolutionGuid = {F4C4EFBE-1558-4E26-ACD1-9EE07669AD79}
	EndGlobalSection
EndGlobal
