
Microsoft Visual Studio Solution File, Format Version 12.00
# Visual Studio 14
VisualStudioVersion = 14.0.25420.1
MinimumVisualStudioVersion = 10.0.40219.1
Project("{8BC9CEB8-8B4A-11D0-8D11-00A0C91BC942}") = "01_Window", "01_Window\01_Window.vcxproj", "{CC07394C-103B-487F-909F-5A760C026D6A}"
EndProject
Project("{8BC9CEB8-8B4A-11D0-8D11-00A0C91BC942}") = "02_GameEngine", "02_GameEngine\02_GameEngine.vcxproj", "{CC07394D-103C-4880-90A0-5A760C026D6B}"
EndProject
Project("{8BC9CEB8-8B4A-11D0-8D11-00A0C91BC942}") = "03_Pixel", "03_Pixel\03_Pixel.vcxproj", "{CC07394E-103D-4881-90A1-5A760C026D6C}"
EndProject
Project("{8BC9CEB8-8B4A-11D0-8D11-00A0C91BC942}") = "04_Line", "04_Line\04_Line.vcxproj", "{CC07394F-103E-4882-90A2-5A760C026D6D}"
EndProject
Project("{8BC9CEB8-8B4A-11D0-8D11-00A0C91BC942}") = "05_Rect", "05_Rect\05_Rect.vcxproj", "{CC073950-103F-4883-90A3-5A760C026D6E}"
EndProject
Global
	GlobalSection(SolutionConfigurationPlatforms) = preSolution
		Debug|x64 = Debug|x64
		Debug|x86 = Debug|x86
		Release|x64 = Release|x64
		Release|x86 = Release|x86
	EndGlobalSection
	GlobalSection(ProjectConfigurationPlatforms) = postSolution
		{CC07394C-103B-487F-909F-5A760C026D6A}.Debug|x64.ActiveCfg = Debug|x64
		{CC07394C-103B-487F-909F-5A760C026D6A}.Debug|x64.Build.0 = Debug|x64
		{CC07394C-103B-487F-909F-5A760C026D6A}.Debug|x86.ActiveCfg = Debug|Win32
		{CC07394C-103B-487F-909F-5A760C026D6A}.Debug|x86.Build.0 = Debug|Win32
		{CC07394C-103B-487F-909F-5A760C026D6A}.Release|x64.ActiveCfg = Release|x64
		{CC07394C-103B-487F-909F-5A760C026D6A}.Release|x64.Build.0 = Release|x64
		{CC07394C-103B-487F-909F-5A760C026D6A}.Release|x86.ActiveCfg = Release|Win32
		{CC07394C-103B-487F-909F-5A760C026D6A}.Release|x86.Build.0 = Release|Win32
		{CC07394D-103C-4880-90A0-5A760C026D6B}.Debug|x64.ActiveCfg = Debug|x64
		{CC07394D-103C-4880-90A0-5A760C026D6B}.Debug|x64.Build.0 = Debug|x64
		{CC07394D-103C-4880-90A0-5A760C026D6B}.Debug|x86.ActiveCfg = Debug|Win32
		{CC07394D-103C-4880-90A0-5A760C026D6B}.Debug|x86.Build.0 = Debug|Win32
		{CC07394D-103C-4880-90A0-5A760C026D6B}.Release|x64.ActiveCfg = Release|x64
		{CC07394D-103C-4880-90A0-5A760C026D6B}.Release|x64.Build.0 = Release|x64
		{CC07394D-103C-4880-90A0-5A760C026D6B}.Release|x86.ActiveCfg = Release|Win32
		{CC07394D-103C-4880-90A0-5A760C026D6B}.Release|x86.Build.0 = Release|Win32
		{CC07394E-103D-4881-90A1-5A760C026D6C}.Debug|x64.ActiveCfg = Debug|x64
		{CC07394E-103D-4881-90A1-5A760C026D6C}.Debug|x64.Build.0 = Debug|x64
		{CC07394E-103D-4881-90A1-5A760C026D6C}.Debug|x86.ActiveCfg = Debug|Win32
		{CC07394E-103D-4881-90A1-5A760C026D6C}.Debug|x86.Build.0 = Debug|Win32
		{CC07394E-103D-4881-90A1-5A760C026D6C}.Release|x64.ActiveCfg = Release|x64
		{CC07394E-103D-4881-90A1-5A760C026D6C}.Release|x64.Build.0 = Release|x64
		{CC07394E-103D-4881-90A1-5A760C026D6C}.Release|x86.ActiveCfg = Release|Win32
		{CC07394E-103D-4881-90A1-5A760C026D6C}.Release|x86.Build.0 = Release|Win32
		{CC07394F-103E-4882-90A2-5A760C026D6D}.Debug|x64.ActiveCfg = Debug|x64
		{CC07394F-103E-4882-90A2-5A760C026D6D}.Debug|x64.Build.0 = Debug|x64
		{CC07394F-103E-4882-90A2-5A760C026D6D}.Debug|x86.ActiveCfg = Debug|Win32
		{CC07394F-103E-4882-90A2-5A760C026D6D}.Debug|x86.Build.0 = Debug|Win32
		{CC07394F-103E-4882-90A2-5A760C026D6D}.Release|x64.ActiveCfg = Release|x64
		{CC07394F-103E-4882-90A2-5A760C026D6D}.Release|x64.Build.0 = Release|x64
		{CC07394F-103E-4882-90A2-5A760C026D6D}.Release|x86.ActiveCfg = Release|Win32
		{CC07394F-103E-4882-90A2-5A760C026D6D}.Release|x86.Build.0 = Release|Win32
		{CC073950-103F-4883-90A3-5A760C026D6E}.Debug|x64.ActiveCfg = Debug|x64
		{CC073950-103F-4883-90A3-5A760C026D6E}.Debug|x64.Build.0 = Debug|x64
		{CC073950-103F-4883-90A3-5A760C026D6E}.Debug|x86.ActiveCfg = Debug|Win32
		{CC073950-103F-4883-90A3-5A760C026D6E}.Debug|x86.Build.0 = Debug|Win32
		{CC073950-103F-4883-90A3-5A760C026D6E}.Release|x64.ActiveCfg = Release|x64
		{CC073950-103F-4883-90A3-5A760C026D6E}.Release|x64.Build.0 = Release|x64
		{CC073950-103F-4883-90A3-5A760C026D6E}.Release|x86.ActiveCfg = Release|Win32
		{CC073950-103F-4883-90A3-5A760C026D6E}.Release|x86.Build.0 = Release|Win32
	EndGlobalSection
	GlobalSection(SolutionProperties) = preSolution
		HideSolutionNode = FALSE
	EndGlobalSection
	GlobalSection(ExtensibilityGlobals) = postSolution
		SolutionGuid = {F4C4EFBE-1558-4E26-ACD1-9EE07669AD79}
	EndGlobalSection
EndGlobal
